
Microsoft Visual Studio Solution File, Format Version 12.00
# Visual Studio Version 16
VisualStudioVersion = 16.0.30907.101
MinimumVisualStudioVersion = 10.0.40219.1
Project("{FAE04EC0-301F-11D3-BF4B-00C04F79EFBC}") = "WindowsFormsApp1", "WindowsFormsApp1\WindowsFormsApp1.csproj", "{C624F348-F80D-41B8-A5F5-5E368C4B1B98}"
EndProject
Global
	GlobalSection(SolutionConfigurationPlatforms) = preSolution
		Debug|Any CPU = Debug|Any CPU
		Release|Any CPU = Release|Any CPU
	EndGlobalSection
	GlobalSection(ProjectConfigurationPlatforms) = postSolution
		{C624F348-F80D-41B8-A5F5-5E368C4B1B98}.Debug|Any CPU.ActiveCfg = Debug|Any CPU
		{C624F348-F80D-41B8-A5F5-5E368C4B1B98}.Debug|Any CPU.Build.0 = Debug|Any CPU
		{C624F348-F80D-41B8-A5F5-5E368C4B1B98}.Release|Any CPU.ActiveCfg = Release|Any CPU
		{C624F348-F80D-41B8-A5F5-5E368C4B1B98}.Release|Any CPU.Build.0 = Release|Any CPU
	EndGlobalSection
	GlobalSection(SolutionProperties) = preSolution
		HideSolutionNode = FALSE
	EndGlobalSection
	GlobalSection(ExtensibilityGlobals) = postSolution
		BuildVersion_StartDate = 2000/1/1
		SolutionGuid = {5CA2F9A3-6B3D-4B1E-B6ED-A240AF1D99D3}
	EndGlobalSection
EndGlobal
